
Microsoft Visual Studio Solution File, Format Version 12.00
# Visual Studio Version 17
VisualStudioVersion = 17.0.31903.59
MinimumVisualStudioVersion = 10.0.40219.1
Project("{FAE04EC0-301F-11D3-BF4B-00C04F79EFBC}") = "YngveHestem.GenericParameterCollection.Avalonia", "YngveHestem.GenericParameterCollection.Avalonia\YngveHestem.GenericParameterCollection.Avalonia.csproj", "{0972BE16-5F0B-46EA-99BC-095678DAA7DD}"
EndProject
Project("{FAE04EC0-301F-11D3-BF4B-00C04F79EFBC}") = "Testproject.Desktop", "Testproject.Desktop\Testproject.Desktop.csproj", "{66CC036F-AD0C-4730-9522-D415FE10B166}"
EndProject
Global
	GlobalSection(SolutionConfigurationPlatforms) = preSolution
		Debug|Any CPU = Debug|Any CPU
		Release|Any CPU = Release|Any CPU
	EndGlobalSection
	GlobalSection(ProjectConfigurationPlatforms) = postSolution
		{0972BE16-5F0B-46EA-99BC-095678DAA7DD}.Debug|Any CPU.ActiveCfg = Debug|Any CPU
		{0972BE16-5F0B-46EA-99BC-095678DAA7DD}.Debug|Any CPU.Build.0 = Debug|Any CPU
		{0972BE16-5F0B-46EA-99BC-095678DAA7DD}.Release|Any CPU.ActiveCfg = Release|Any CPU
		{0972BE16-5F0B-46EA-99BC-095678DAA7DD}.Release|Any CPU.Build.0 = Release|Any CPU
		{66CC036F-AD0C-4730-9522-D415FE10B166}.Debug|Any CPU.ActiveCfg = Debug|Any CPU
		{66CC036F-AD0C-4730-9522-D415FE10B166}.Debug|Any CPU.Build.0 = Debug|Any CPU
		{66CC036F-AD0C-4730-9522-D415FE10B166}.Release|Any CPU.ActiveCfg = Release|Any CPU
		{66CC036F-AD0C-4730-9522-D415FE10B166}.Release|Any CPU.Build.0 = Release|Any CPU
	EndGlobalSection
	GlobalSection(SolutionProperties) = preSolution
		HideSolutionNode = FALSE
	EndGlobalSection
EndGlobal
